
Microsoft Visual Studio Solution File, Format Version 12.00
# Visual Studio Version 16
VisualStudioVersion = 16.0.30204.135
MinimumVisualStudioVersion = 10.0.40219.1
Project("{FAE04EC0-301F-11D3-BF4B-00C04F79EFBC}") = "Technology", "Technology\Technology.csproj", "{AF5E24D6-E933-49E3-A6B1-F8B8C4C95F9B}"
EndProject
Project("{FAE04EC0-301F-11D3-BF4B-00C04F79EFBC}") = "TechnologyTests", "TechnologyTests\TechnologyTests.csproj", "{8C8C3BD5-21FA-4256-A873-E20B9A22B5F3}"
EndProject
Global
	GlobalSection(SolutionConfigurationPlatforms) = preSolution
		Debug|Any CPU = Debug|Any CPU
		Release|Any CPU = Release|Any CPU
	EndGlobalSection
	GlobalSection(ProjectConfigurationPlatforms) = postSolution
		{AF5E24D6-E933-49E3-A6B1-F8B8C4C95F9B}.Debug|Any CPU.ActiveCfg = Debug|Any CPU
		{AF5E24D6-E933-49E3-A6B1-F8B8C4C95F9B}.Debug|Any CPU.Build.0 = Debug|Any CPU
		{AF5E24D6-E933-49E3-A6B1-F8B8C4C95F9B}.Release|Any CPU.ActiveCfg = Release|Any CPU
		{AF5E24D6-E933-49E3-A6B1-F8B8C4C95F9B}.Release|Any CPU.Build.0 = Release|Any CPU
		{8C8C3BD5-21FA-4256-A873-E20B9A22B5F3}.Debug|Any CPU.ActiveCfg = Debug|Any CPU
		{8C8C3BD5-21FA-4256-A873-E20B9A22B5F3}.Debug|Any CPU.Build.0 = Debug|Any CPU
		{8C8C3BD5-21FA-4256-A873-E20B9A22B5F3}.Release|Any CPU.ActiveCfg = Release|Any CPU
		{8C8C3BD5-21FA-4256-A873-E20B9A22B5F3}.Release|Any CPU.Build.0 = Release|Any CPU
	EndGlobalSection
	GlobalSection(SolutionProperties) = preSolution
		HideSolutionNode = FALSE
	EndGlobalSection
	GlobalSection(ExtensibilityGlobals) = postSolution
		SolutionGuid = {62618E60-BDDC-4933-AB47-D7E62537616E}
	EndGlobalSection
EndGlobal
